{
  "version": 4,
  "terraform_version": "1.6.4",
  "serial": 43,
  "lineage": "68acbbae-5113-1ad3-24d9-3cf5d0d928e7",
  "outputs": {},
  "resources": [
    {
      "mode": "managed",
      "type": "azurerm_app_service",
      "name": "the-frijoles-back",
      "provider": "provider[\"registry.terraform.io/hashicorp/azurerm\"]",
      "instances": [
        {
          "schema_version": 0,
          "attributes": {
            "app_service_plan_id": "/subscriptions/b892ab8c-2c38-478a-8b8b-887ddc61d17d/resourceGroups/rg-the-frijoles2/providers/Microsoft.Web/serverfarms/the-frijoles-app-service-plan",
            "app_settings": {},
            "auth_settings": [
              {
                "active_directory": [],
                "additional_login_params": {},
                "allowed_external_redirect_urls": [],
                "default_provider": "",
                "enabled": false,
                "facebook": [],
                "google": [],
                "issuer": "",
                "microsoft": [],
                "runtime_version": "",
                "token_refresh_extension_hours": 0,
                "token_store_enabled": false,
                "twitter": [],
                "unauthenticated_client_action": ""
              }
            ],
            "backup": [],
            "client_affinity_enabled": false,
            "client_cert_enabled": false,
            "client_cert_mode": "Required",
            "connection_string": [],
            "custom_domain_verification_id": "83CD0DBE948AD930C3015068EEBD52BD8447341EE2C99129932273AE244687F1",
            "default_site_hostname": "the-frijoles-back.azurewebsites.net",
            "enabled": true,
            "https_only": false,
            "id": "/subscriptions/b892ab8c-2c38-478a-8b8b-887ddc61d17d/resourceGroups/rg-the-frijoles2/providers/Microsoft.Web/sites/the-frijoles-back",
            "identity": [],
            "key_vault_reference_identity_id": "SystemAssigned",
            "location": "eastus",
            "logs": [
              {
                "application_logs": [
                  {
                    "azure_blob_storage": [],
                    "file_system_level": "Off"
                  }
                ],
                "detailed_error_messages_enabled": false,
                "failed_request_tracing_enabled": false,
                "http_logs": [
                  {
                    "azure_blob_storage": [],
                    "file_system": []
                  }
                ]
              }
            ],
            "name": "the-frijoles-back",
            "outbound_ip_address_list": [
              "20.75.181.130",
              "20.75.181.152",
              "20.75.181.165",
              "20.75.181.187",
              "20.75.182.46",
              "20.75.182.77",
              "40.88.211.83",
              "40.88.211.113",
              "40.88.211.141",
              "40.88.213.61",
              "40.88.214.153",
              "20.72.136.81",
              "20.119.0.51"
            ],
            "outbound_ip_addresses": "20.75.181.130,20.75.181.152,20.75.181.165,20.75.181.187,20.75.182.46,20.75.182.77,40.88.211.83,40.88.211.113,40.88.211.141,40.88.213.61,40.88.214.153,20.72.136.81,20.119.0.51",
            "possible_outbound_ip_address_list": [
              "20.75.181.130",
              "20.75.181.152",
              "20.75.181.165",
              "20.75.181.187",
              "20.75.182.46",
              "20.75.182.77",
              "40.88.211.83",
              "40.88.211.113",
              "40.88.211.141",
              "40.88.213.61",
              "40.88.214.153",
              "20.72.136.81",
              "20.72.137.97",
              "20.72.140.5",
              "20.72.140.105",
              "20.72.141.138",
              "20.72.142.98",
              "20.75.176.187",
              "20.75.179.29",
              "20.75.179.131",
              "40.88.211.71",
              "20.75.180.87",
              "20.75.180.172",
              "20.75.181.26",
              "20.75.181.130",
              "20.75.181.152",
              "20.75.181.165",
              "20.75.181.187",
              "20.75.182.46",
              "20.75.182.77",
              "4.156.185.23",
              "4.156.185.136",
              "4.156.185.243",
              "20.62.154.249",
              "40.88.209.202",
              "4.156.185.253",
              "20.119.0.51"
            ],
            "possible_outbound_ip_addresses": "20.75.181.130,20.75.181.152,20.75.181.165,20.75.181.187,20.75.182.46,20.75.182.77,40.88.211.83,40.88.211.113,40.88.211.141,40.88.213.61,40.88.214.153,20.72.136.81,20.72.137.97,20.72.140.5,20.72.140.105,20.72.141.138,20.72.142.98,20.75.176.187,20.75.179.29,20.75.179.131,40.88.211.71,20.75.180.87,20.75.180.172,20.75.181.26,20.75.181.130,20.75.181.152,20.75.181.165,20.75.181.187,20.75.182.46,20.75.182.77,4.156.185.23,4.156.185.136,4.156.185.243,20.62.154.249,40.88.209.202,4.156.185.253,20.119.0.51",
            "resource_group_name": "rg-the-frijoles2",
            "site_config": [
              {
                "acr_use_managed_identity_credentials": false,
                "acr_user_managed_identity_client_id": "",
                "always_on": false,
                "app_command_line": "",
                "auto_swap_slot_name": "",
                "cors": [],
                "default_documents": [
                  "Default.htm",
                  "Default.html",
                  "Default.asp",
                  "index.htm",
                  "index.html",
                  "iisstart.htm",
                  "default.aspx",
                  "index.php",
                  "hostingstart.html"
                ],
                "dotnet_framework_version": "v4.0",
                "ftps_state": "FtpsOnly",
                "health_check_path": "",
                "http2_enabled": false,
                "ip_restriction": [],
                "java_container": "",
                "java_container_version": "",
                "java_version": "",
                "linux_fx_version": "",
                "local_mysql_enabled": false,
                "managed_pipeline_mode": "Integrated",
                "min_tls_version": "1.2",
                "number_of_workers": 1,
                "php_version": "",
                "python_version": "",
                "remote_debugging_enabled": false,
                "remote_debugging_version": "",
                "scm_ip_restriction": [],
                "scm_type": "None",
                "scm_use_main_ip_restriction": false,
                "use_32_bit_worker_process": true,
                "vnet_route_all_enabled": false,
                "websockets_enabled": false,
                "windows_fx_version": ""
              }
            ],
            "site_credential": [
              {
                "password": "Y7HRhKJEL21AjaPtHttsXb3ua6ESSvmNE5grxrcunC1Crp43hGBYSPNLrAWq",
                "username": "$the-frijoles-back"
              }
            ],
            "source_control": [
              {
                "branch": "main",
                "manual_integration": false,
                "repo_url": "",
                "rollback_enabled": false,
                "use_mercurial": false
              }
            ],
            "storage_account": [],
            "tags": null,
            "timeouts": null
          },
          "sensitive_attributes": [],
          "private": "eyJlMmJmYjczMC1lY2FhLTExZTYtOGY4OC0zNDM2M2JjN2M0YzAiOnsiY3JlYXRlIjoxODAwMDAwMDAwMDAwLCJkZWxldGUiOjE4MDAwMDAwMDAwMDAsInJlYWQiOjMwMDAwMDAwMDAwMCwidXBkYXRlIjoxODAwMDAwMDAwMDAwfX0=",
          "dependencies": [
            "azurerm_app_service_plan.app-service-plan-the-frijoles",
            "azurerm_resource_group.rg"
          ]
        }
      ]
    },
    {
      "mode": "managed",
      "type": "azurerm_app_service",
      "name": "the-frijoles-front",
      "provider": "provider[\"registry.terraform.io/hashicorp/azurerm\"]",
      "instances": [
        {
          "schema_version": 0,
          "attributes": {
            "app_service_plan_id": "/subscriptions/b892ab8c-2c38-478a-8b8b-887ddc61d17d/resourceGroups/rg-the-frijoles2/providers/Microsoft.Web/serverfarms/the-frijoles-app-service-plan",
            "app_settings": {},
            "auth_settings": [
              {
                "active_directory": [],
                "additional_login_params": {},
                "allowed_external_redirect_urls": [],
                "default_provider": "",
                "enabled": false,
                "facebook": [],
                "google": [],
                "issuer": "",
                "microsoft": [],
                "runtime_version": "",
                "token_refresh_extension_hours": 0,
                "token_store_enabled": false,
                "twitter": [],
                "unauthenticated_client_action": ""
              }
            ],
            "backup": [],
            "client_affinity_enabled": false,
            "client_cert_enabled": false,
            "client_cert_mode": "Required",
            "connection_string": [],
            "custom_domain_verification_id": "83CD0DBE948AD930C3015068EEBD52BD8447341EE2C99129932273AE244687F1",
            "default_site_hostname": "the-frijoles-front.azurewebsites.net",
            "enabled": true,
            "https_only": false,
            "id": "/subscriptions/b892ab8c-2c38-478a-8b8b-887ddc61d17d/resourceGroups/rg-the-frijoles2/providers/Microsoft.Web/sites/the-frijoles-front",
            "identity": [],
            "key_vault_reference_identity_id": "SystemAssigned",
            "location": "eastus",
            "logs": [
              {
                "application_logs": [
                  {
                    "azure_blob_storage": [],
                    "file_system_level": "Off"
                  }
                ],
                "detailed_error_messages_enabled": false,
                "failed_request_tracing_enabled": false,
                "http_logs": [
                  {
                    "azure_blob_storage": [],
                    "file_system": []
                  }
                ]
              }
            ],
            "name": "the-frijoles-front",
            "outbound_ip_address_list": [
              "20.75.181.130",
              "20.75.181.152",
              "20.75.181.165",
              "20.75.181.187",
              "20.75.182.46",
              "20.75.182.77",
              "40.88.211.83",
              "40.88.211.113",
              "40.88.211.141",
              "40.88.213.61",
              "40.88.214.153",
              "20.72.136.81",
              "20.119.0.51"
            ],
            "outbound_ip_addresses": "20.75.181.130,20.75.181.152,20.75.181.165,20.75.181.187,20.75.182.46,20.75.182.77,40.88.211.83,40.88.211.113,40.88.211.141,40.88.213.61,40.88.214.153,20.72.136.81,20.119.0.51",
            "possible_outbound_ip_address_list": [
              "20.75.181.130",
              "20.75.181.152",
              "20.75.181.165",
              "20.75.181.187",
              "20.75.182.46",
              "20.75.182.77",
              "40.88.211.83",
              "40.88.211.113",
              "40.88.211.141",
              "40.88.213.61",
              "40.88.214.153",
              "20.72.136.81",
              "20.72.137.97",
              "20.72.140.5",
              "20.72.140.105",
              "20.72.141.138",
              "20.72.142.98",
              "20.75.176.187",
              "20.75.179.29",
              "20.75.179.131",
              "40.88.211.71",
              "20.75.180.87",
              "20.75.180.172",
              "20.75.181.26",
              "20.75.181.130",
              "20.75.181.152",
              "20.75.181.165",
              "20.75.181.187",
              "20.75.182.46",
              "20.75.182.77",
              "4.156.185.23",
              "4.156.185.136",
              "4.156.185.243",
              "20.62.154.249",
              "40.88.209.202",
              "4.156.185.253",
              "20.119.0.51"
            ],
            "possible_outbound_ip_addresses": "20.75.181.130,20.75.181.152,20.75.181.165,20.75.181.187,20.75.182.46,20.75.182.77,40.88.211.83,40.88.211.113,40.88.211.141,40.88.213.61,40.88.214.153,20.72.136.81,20.72.137.97,20.72.140.5,20.72.140.105,20.72.141.138,20.72.142.98,20.75.176.187,20.75.179.29,20.75.179.131,40.88.211.71,20.75.180.87,20.75.180.172,20.75.181.26,20.75.181.130,20.75.181.152,20.75.181.165,20.75.181.187,20.75.182.46,20.75.182.77,4.156.185.23,4.156.185.136,4.156.185.243,20.62.154.249,40.88.209.202,4.156.185.253,20.119.0.51",
            "resource_group_name": "rg-the-frijoles2",
            "site_config": [
              {
                "acr_use_managed_identity_credentials": false,
                "acr_user_managed_identity_client_id": "",
                "always_on": false,
                "app_command_line": "",
                "auto_swap_slot_name": "",
                "cors": [],
                "default_documents": [
                  "Default.htm",
                  "Default.html",
                  "Default.asp",
                  "index.htm",
                  "index.html",
                  "iisstart.htm",
                  "default.aspx",
                  "index.php",
                  "hostingstart.html"
                ],
                "dotnet_framework_version": "v4.0",
                "ftps_state": "FtpsOnly",
                "health_check_path": "",
                "http2_enabled": false,
                "ip_restriction": [],
                "java_container": "",
                "java_container_version": "",
                "java_version": "",
                "linux_fx_version": "",
                "local_mysql_enabled": false,
                "managed_pipeline_mode": "Integrated",
                "min_tls_version": "1.2",
                "number_of_workers": 1,
                "php_version": "",
                "python_version": "",
                "remote_debugging_enabled": false,
                "remote_debugging_version": "",
                "scm_ip_restriction": [],
                "scm_type": "None",
                "scm_use_main_ip_restriction": false,
                "use_32_bit_worker_process": true,
                "vnet_route_all_enabled": false,
                "websockets_enabled": false,
                "windows_fx_version": ""
              }
            ],
            "site_credential": [
              {
                "password": "fBBfTYiB63kK3xfrnK0vssvAsHxcaAQhKuQosincyAAPbGbYm3e8PgmdzHst",
                "username": "$the-frijoles-front"
              }
            ],
            "source_control": [
              {
                "branch": "main",
                "manual_integration": false,
                "repo_url": "",
                "rollback_enabled": false,
                "use_mercurial": false
              }
            ],
            "storage_account": [],
            "tags": null,
            "timeouts": null
          },
          "sensitive_attributes": [],
          "private": "eyJlMmJmYjczMC1lY2FhLTExZTYtOGY4OC0zNDM2M2JjN2M0YzAiOnsiY3JlYXRlIjoxODAwMDAwMDAwMDAwLCJkZWxldGUiOjE4MDAwMDAwMDAwMDAsInJlYWQiOjMwMDAwMDAwMDAwMCwidXBkYXRlIjoxODAwMDAwMDAwMDAwfX0=",
          "dependencies": [
            "azurerm_app_service_plan.app-service-plan-the-frijoles",
            "azurerm_resource_group.rg"
          ]
        }
      ]
    },
    {
      "mode": "managed",
      "type": "azurerm_app_service_plan",
      "name": "app-service-plan-the-frijoles",
      "provider": "provider[\"registry.terraform.io/hashicorp/azurerm\"]",
      "instances": [
        {
          "schema_version": 0,
          "attributes": {
            "app_service_environment_id": "",
            "id": "/subscriptions/b892ab8c-2c38-478a-8b8b-887ddc61d17d/resourceGroups/rg-the-frijoles2/providers/Microsoft.Web/serverfarms/the-frijoles-app-service-plan",
            "is_xenon": false,
            "kind": "linux",
            "location": "eastus",
            "maximum_elastic_worker_count": 1,
            "maximum_number_of_workers": 10,
            "name": "the-frijoles-app-service-plan",
            "per_site_scaling": false,
            "reserved": true,
            "resource_group_name": "rg-the-frijoles2",
            "sku": [
              {
                "capacity": 1,
                "size": "S1",
                "tier": "Standard"
              }
            ],
            "tags": null,
            "timeouts": null,
            "zone_redundant": false
          },
          "sensitive_attributes": [],
          "private": "eyJlMmJmYjczMC1lY2FhLTExZTYtOGY4OC0zNDM2M2JjN2M0YzAiOnsiY3JlYXRlIjozNjAwMDAwMDAwMDAwLCJkZWxldGUiOjM2MDAwMDAwMDAwMDAsInJlYWQiOjMwMDAwMDAwMDAwMCwidXBkYXRlIjozNjAwMDAwMDAwMDAwfX0=",
          "dependencies": [
            "azurerm_resource_group.rg"
          ]
        }
      ]
    },
    {
      "mode": "managed",
      "type": "azurerm_postgresql_flexible_server",
      "name": "postgresql",
      "provider": "provider[\"registry.terraform.io/hashicorp/azurerm\"]",
      "instances": [
        {
          "schema_version": 0,
          "attributes": {
            "administrator_login": "postgres",
            "administrator_password": "admin123?",
            "backup_retention_days": 7,
            "create_mode": null,
            "delegated_subnet_id": "",
            "fqdn": "basic3tier.postgres.database.azure.com",
            "geo_redundant_backup_enabled": false,
            "high_availability": [],
            "id": "/subscriptions/b892ab8c-2c38-478a-8b8b-887ddc61d17d/resourceGroups/rg-the-frijoles2/providers/Microsoft.DBforPostgreSQL/flexibleServers/basic3tier",
            "location": "eastus",
            "maintenance_window": [],
            "name": "basic3tier",
            "point_in_time_restore_time_in_utc": null,
            "private_dns_zone_id": "",
            "public_network_access_enabled": true,
            "resource_group_name": "rg-the-frijoles2",
            "sku_name": "B_Standard_B1ms",
            "source_server_id": null,
            "storage_mb": 32768,
            "tags": null,
            "timeouts": null,
            "version": "12",
            "zone": "3"
          },
          "sensitive_attributes": [],
          "private": "eyJlMmJmYjczMC1lY2FhLTExZTYtOGY4OC0zNDM2M2JjN2M0YzAiOnsiY3JlYXRlIjozNjAwMDAwMDAwMDAwLCJkZWxldGUiOjM2MDAwMDAwMDAwMDAsInJlYWQiOjMwMDAwMDAwMDAwMCwidXBkYXRlIjozNjAwMDAwMDAwMDAwfX0=",
          "dependencies": [
            "azurerm_resource_group.rg"
          ]
        }
      ]
    },
    {
      "mode": "managed",
      "type": "azurerm_postgresql_flexible_server_firewall_rule",
      "name": "all",
      "provider": "provider[\"registry.terraform.io/hashicorp/azurerm\"]",
      "instances": [
        {
          "schema_version": 0,
          "attributes": {
            "end_ip_address": "255.255.255.255",
            "id": "/subscriptions/b892ab8c-2c38-478a-8b8b-887ddc61d17d/resourceGroups/rg-the-frijoles2/providers/Microsoft.DBforPostgreSQL/flexibleServers/basic3tier/firewallRules/allow-all-ips",
            "name": "allow-all-ips",
            "server_id": "/subscriptions/b892ab8c-2c38-478a-8b8b-887ddc61d17d/resourceGroups/rg-the-frijoles2/providers/Microsoft.DBforPostgreSQL/flexibleServers/basic3tier",
            "start_ip_address": "0.0.0.0",
            "timeouts": null
          },
          "sensitive_attributes": [],
          "private": "eyJlMmJmYjczMC1lY2FhLTExZTYtOGY4OC0zNDM2M2JjN2M0YzAiOnsiY3JlYXRlIjoxODAwMDAwMDAwMDAwLCJkZWxldGUiOjE4MDAwMDAwMDAwMDAsInJlYWQiOjMwMDAwMDAwMDAwMCwidXBkYXRlIjoxODAwMDAwMDAwMDAwfX0=",
          "dependencies": [
            "azurerm_postgresql_flexible_server.postgresql",
            "azurerm_resource_group.rg"
          ]
        }
      ]
    },
    {
      "mode": "managed",
      "type": "azurerm_resource_group",
      "name": "rg",
      "provider": "provider[\"registry.terraform.io/hashicorp/azurerm\"]",
      "instances": [
        {
          "schema_version": 0,
          "attributes": {
            "id": "/subscriptions/b892ab8c-2c38-478a-8b8b-887ddc61d17d/resourceGroups/rg-the-frijoles2",
            "location": "eastus",
            "name": "rg-the-frijoles2",
            "tags": null,
            "timeouts": null
          },
          "sensitive_attributes": [],
          "private": "eyJlMmJmYjczMC1lY2FhLTExZTYtOGY4OC0zNDM2M2JjN2M0YzAiOnsiY3JlYXRlIjo1NDAwMDAwMDAwMDAwLCJkZWxldGUiOjU0MDAwMDAwMDAwMDAsInJlYWQiOjMwMDAwMDAwMDAwMCwidXBkYXRlIjo1NDAwMDAwMDAwMDAwfX0="
        }
      ]
    }
  ],
  "check_results": null
}
